
Microsoft Visual Studio Solution File, Format Version 12.00
# Visual Studio Version 17
VisualStudioVersion = 17.8.34309.116
MinimumVisualStudioVersion = 10.0.40219.1
Project("{9A19103F-16F7-4668-BE54-9A1E7A4F7556}") = "Main", "Main\Main.csproj", "{2DBD9666-ACE3-49CC-BDF0-525F98C527CB}"
EndProject
Project("{9A19103F-16F7-4668-BE54-9A1E7A4F7556}") = "240624 이진트리", "240624 이진트리\240624 이진트리.csproj", "{87844772-19DB-4636-9F25-BDEA747387F2}"
EndProject
Project("{9A19103F-16F7-4668-BE54-9A1E7A4F7556}") = "240610 단일 연결 리스트", "240610 단일 연결 리스트\240610 단일 연결 리스트.csproj", "{A6DAF7F6-EF40-4182-9221-3D31D00510E4}"
EndProject
Project("{9A19103F-16F7-4668-BE54-9A1E7A4F7556}") = "240611 양방향 연결 리스트", "240611 양방향 연결 리스트\240611 양방향 연결 리스트.csproj", "{9C34D2FB-8A4E-4C91-BA2D-004FC418C882}"
EndProject
Project("{9A19103F-16F7-4668-BE54-9A1E7A4F7556}") = "240613 원형 연결 리스트", "240613 원형 연결 리스트\240613 원형 연결 리스트.csproj", "{44612F60-8EDB-4A9D-B7DE-23136B71CFB0}"
EndProject
Project("{9A19103F-16F7-4668-BE54-9A1E7A4F7556}") = "240614 스택", "240614 스택\240614 스택.csproj", "{CDF4F5F4-6915-44DC-8EDF-95398F64006F}"
EndProject
Project("{9A19103F-16F7-4668-BE54-9A1E7A4F7556}") = "240617 선형Q", "240617 선형Q\240617 선형Q.csproj", "{D532124A-3A2C-424D-9442-CCEB72397839}"
EndProject
Project("{9A19103F-16F7-4668-BE54-9A1E7A4F7556}") = "240617 환형Q 미완", "240617 환형Q\240617 환형Q 미완.csproj", "{479D8EE4-ECD5-4919-B2EC-B2688EE317AB}"
EndProject
Project("{9A19103F-16F7-4668-BE54-9A1E7A4F7556}") = "240618 벡터", "240618 벡터\240618 벡터.csproj", "{E3590651-DF85-4D8B-A19B-89246FEA3088}"
EndProject
Project("{9A19103F-16F7-4668-BE54-9A1E7A4F7556}") = "240619 스트링", "240619 스트링\240619 스트링.csproj", "{7E1C1CDB-3DBF-4850-9B55-E585206084E2}"
EndProject
Project("{9A19103F-16F7-4668-BE54-9A1E7A4F7556}") = "240620 파일 입력호출", "240620 파일 입력호출\240620 파일 입력호출.csproj", "{8AF4C177-D5B1-4652-8C9F-836452ABCE77}"
EndProject
Project("{9A19103F-16F7-4668-BE54-9A1E7A4F7556}") = "240621 해시테이블", "240621 해시 테이블\240621 해시테이블.csproj", "{4FA72979-512D-4232-B921-4B62A8ACEC47}"
EndProject
Project("{9A19103F-16F7-4668-BE54-9A1E7A4F7556}") = "240625 힙트리", "240625 힙트리\240625 힙트리.csproj", "{38EB62B1-33DA-4A8D-8CE4-46BE5D8E5AE3}"
EndProject
Project("{9A19103F-16F7-4668-BE54-9A1E7A4F7556}") = "240626 무방향 그래프(인접행렬)", "240626 무방향 그래프\240626 무방향 그래프(인접행렬).csproj", "{58354F22-BA24-4A49-A874-5ED9822D4592}"
EndProject
Project("{9A19103F-16F7-4668-BE54-9A1E7A4F7556}") = "240626 방향 그래프(인접리스트)", "240626 방향 그래프\240626 방향 그래프(인접리스트).csproj", "{D7BC48BF-4B95-4E58-AA89-7F1EED631B89}"
EndProject
Project("{9A19103F-16F7-4668-BE54-9A1E7A4F7556}") = "240627 이진탐색트리 미완", "240627 이진탐색트리\240627 이진탐색트리 미완.csproj", "{0BCA0213-11D6-4FAE-99E7-3B18DE07B53F}"
EndProject
Global
	GlobalSection(SolutionConfigurationPlatforms) = preSolution
		Debug|Any CPU = Debug|Any CPU
		Release|Any CPU = Release|Any CPU
	EndGlobalSection
	GlobalSection(ProjectConfigurationPlatforms) = postSolution
		{2DBD9666-ACE3-49CC-BDF0-525F98C527CB}.Debug|Any CPU.ActiveCfg = Debug|Any CPU
		{2DBD9666-ACE3-49CC-BDF0-525F98C527CB}.Debug|Any CPU.Build.0 = Debug|Any CPU
		{2DBD9666-ACE3-49CC-BDF0-525F98C527CB}.Release|Any CPU.ActiveCfg = Release|Any CPU
		{2DBD9666-ACE3-49CC-BDF0-525F98C527CB}.Release|Any CPU.Build.0 = Release|Any CPU
		{87844772-19DB-4636-9F25-BDEA747387F2}.Debug|Any CPU.ActiveCfg = Debug|Any CPU
		{87844772-19DB-4636-9F25-BDEA747387F2}.Debug|Any CPU.Build.0 = Debug|Any CPU
		{87844772-19DB-4636-9F25-BDEA747387F2}.Release|Any CPU.ActiveCfg = Release|Any CPU
		{87844772-19DB-4636-9F25-BDEA747387F2}.Release|Any CPU.Build.0 = Release|Any CPU
		{A6DAF7F6-EF40-4182-9221-3D31D00510E4}.Debug|Any CPU.ActiveCfg = Debug|Any CPU
		{A6DAF7F6-EF40-4182-9221-3D31D00510E4}.Debug|Any CPU.Build.0 = Debug|Any CPU
		{A6DAF7F6-EF40-4182-9221-3D31D00510E4}.Release|Any CPU.ActiveCfg = Release|Any CPU
		{A6DAF7F6-EF40-4182-9221-3D31D00510E4}.Release|Any CPU.Build.0 = Release|Any CPU
		{9C34D2FB-8A4E-4C91-BA2D-004FC418C882}.Debug|Any CPU.ActiveCfg = Debug|Any CPU
		{9C34D2FB-8A4E-4C91-BA2D-004FC418C882}.Debug|Any CPU.Build.0 = Debug|Any CPU
		{9C34D2FB-8A4E-4C91-BA2D-004FC418C882}.Release|Any CPU.ActiveCfg = Release|Any CPU
		{9C34D2FB-8A4E-4C91-BA2D-004FC418C882}.Release|Any CPU.Build.0 = Release|Any CPU
		{44612F60-8EDB-4A9D-B7DE-23136B71CFB0}.Debug|Any CPU.ActiveCfg = Debug|Any CPU
		{44612F60-8EDB-4A9D-B7DE-23136B71CFB0}.Debug|Any CPU.Build.0 = Debug|Any CPU
		{44612F60-8EDB-4A9D-B7DE-23136B71CFB0}.Release|Any CPU.ActiveCfg = Release|Any CPU
		{44612F60-8EDB-4A9D-B7DE-23136B71CFB0}.Release|Any CPU.Build.0 = Release|Any CPU
		{CDF4F5F4-6915-44DC-8EDF-95398F64006F}.Debug|Any CPU.ActiveCfg = Debug|Any CPU
		{CDF4F5F4-6915-44DC-8EDF-95398F64006F}.Debug|Any CPU.Build.0 = Debug|Any CPU
		{CDF4F5F4-6915-44DC-8EDF-95398F64006F}.Release|Any CPU.ActiveCfg = Release|Any CPU
		{CDF4F5F4-6915-44DC-8EDF-95398F64006F}.Release|Any CPU.Build.0 = Release|Any CPU
		{D532124A-3A2C-424D-9442-CCEB72397839}.Debug|Any CPU.ActiveCfg = Debug|Any CPU
		{D532124A-3A2C-424D-9442-CCEB72397839}.Debug|Any CPU.Build.0 = Debug|Any CPU
		{D532124A-3A2C-424D-9442-CCEB72397839}.Release|Any CPU.ActiveCfg = Release|Any CPU
		{D532124A-3A2C-424D-9442-CCEB72397839}.Release|Any CPU.Build.0 = Release|Any CPU
		{479D8EE4-ECD5-4919-B2EC-B2688EE317AB}.Debug|Any CPU.ActiveCfg = Debug|Any CPU
		{479D8EE4-ECD5-4919-B2EC-B2688EE317AB}.Debug|Any CPU.Build.0 = Debug|Any CPU
		{479D8EE4-ECD5-4919-B2EC-B2688EE317AB}.Release|Any CPU.ActiveCfg = Release|Any CPU
		{479D8EE4-ECD5-4919-B2EC-B2688EE317AB}.Release|Any CPU.Build.0 = Release|Any CPU
		{E3590651-DF85-4D8B-A19B-89246FEA3088}.Debug|Any CPU.ActiveCfg = Debug|Any CPU
		{E3590651-DF85-4D8B-A19B-89246FEA3088}.Debug|Any CPU.Build.0 = Debug|Any CPU
		{E3590651-DF85-4D8B-A19B-89246FEA3088}.Release|Any CPU.ActiveCfg = Release|Any CPU
		{E3590651-DF85-4D8B-A19B-89246FEA3088}.Release|Any CPU.Build.0 = Release|Any CPU
		{7E1C1CDB-3DBF-4850-9B55-E585206084E2}.Debug|Any CPU.ActiveCfg = Debug|Any CPU
		{7E1C1CDB-3DBF-4850-9B55-E585206084E2}.Debug|Any CPU.Build.0 = Debug|Any CPU
		{7E1C1CDB-3DBF-4850-9B55-E585206084E2}.Release|Any CPU.ActiveCfg = Release|Any CPU
		{7E1C1CDB-3DBF-4850-9B55-E585206084E2}.Release|Any CPU.Build.0 = Release|Any CPU
		{8AF4C177-D5B1-4652-8C9F-836452ABCE77}.Debug|Any CPU.ActiveCfg = Debug|Any CPU
		{8AF4C177-D5B1-4652-8C9F-836452ABCE77}.Debug|Any CPU.Build.0 = Debug|Any CPU
		{8AF4C177-D5B1-4652-8C9F-836452ABCE77}.Release|Any CPU.ActiveCfg = Release|Any CPU
		{8AF4C177-D5B1-4652-8C9F-836452ABCE77}.Release|Any CPU.Build.0 = Release|Any CPU
		{4FA72979-512D-4232-B921-4B62A8ACEC47}.Debug|Any CPU.ActiveCfg = Debug|Any CPU
		{4FA72979-512D-4232-B921-4B62A8ACEC47}.Debug|Any CPU.Build.0 = Debug|Any CPU
		{4FA72979-512D-4232-B921-4B62A8ACEC47}.Release|Any CPU.ActiveCfg = Release|Any CPU
		{4FA72979-512D-4232-B921-4B62A8ACEC47}.Release|Any CPU.Build.0 = Release|Any CPU
		{38EB62B1-33DA-4A8D-8CE4-46BE5D8E5AE3}.Debug|Any CPU.ActiveCfg = Debug|Any CPU
		{38EB62B1-33DA-4A8D-8CE4-46BE5D8E5AE3}.Debug|Any CPU.Build.0 = Debug|Any CPU
		{38EB62B1-33DA-4A8D-8CE4-46BE5D8E5AE3}.Release|Any CPU.ActiveCfg = Release|Any CPU
		{38EB62B1-33DA-4A8D-8CE4-46BE5D8E5AE3}.Release|Any CPU.Build.0 = Release|Any CPU
		{58354F22-BA24-4A49-A874-5ED9822D4592}.Debug|Any CPU.ActiveCfg = Debug|Any CPU
		{58354F22-BA24-4A49-A874-5ED9822D4592}.Debug|Any CPU.Build.0 = Debug|Any CPU
		{58354F22-BA24-4A49-A874-5ED9822D4592}.Release|Any CPU.ActiveCfg = Release|Any CPU
		{58354F22-BA24-4A49-A874-5ED9822D4592}.Release|Any CPU.Build.0 = Release|Any CPU
		{D7BC48BF-4B95-4E58-AA89-7F1EED631B89}.Debug|Any CPU.ActiveCfg = Debug|Any CPU
		{D7BC48BF-4B95-4E58-AA89-7F1EED631B89}.Debug|Any CPU.Build.0 = Debug|Any CPU
		{D7BC48BF-4B95-4E58-AA89-7F1EED631B89}.Release|Any CPU.ActiveCfg = Release|Any CPU
		{D7BC48BF-4B95-4E58-AA89-7F1EED631B89}.Release|Any CPU.Build.0 = Release|Any CPU
		{0BCA0213-11D6-4FAE-99E7-3B18DE07B53F}.Debug|Any CPU.ActiveCfg = Debug|Any CPU
		{0BCA0213-11D6-4FAE-99E7-3B18DE07B53F}.Debug|Any CPU.Build.0 = Debug|Any CPU
		{0BCA0213-11D6-4FAE-99E7-3B18DE07B53F}.Release|Any CPU.ActiveCfg = Release|Any CPU
		{0BCA0213-11D6-4FAE-99E7-3B18DE07B53F}.Release|Any CPU.Build.0 = Release|Any CPU
	EndGlobalSection
	GlobalSection(SolutionProperties) = preSolution
		HideSolutionNode = FALSE
	EndGlobalSection
	GlobalSection(ExtensibilityGlobals) = postSolution
		SolutionGuid = {BC99A2E1-AF47-4566-B9B8-4E51BF87AC9F}
	EndGlobalSection
EndGlobal
