
Microsoft Visual Studio Solution File, Format Version 12.00
# Visual Studio Version 17
VisualStudioVersion = 17.8.34309.116
MinimumVisualStudioVersion = 10.0.40219.1
Project("{9A19103F-16F7-4668-BE54-9A1E7A4F7556}") = "Main", "Main\Main.csproj", "{2DBD9666-ACE3-49CC-BDF0-525F98C527CB}"
EndProject
Project("{9A19103F-16F7-4668-BE54-9A1E7A4F7556}") = "240610 단일 연결 리스트", "GE_240610\240610 단일 연결 리스트.csproj", "{982DA556-5EB9-4104-A187-453D58E53399}"
EndProject
Project("{9A19103F-16F7-4668-BE54-9A1E7A4F7556}") = "240611 양방향 연결 리스트", "GE_240611\240611 양방향 연결 리스트.csproj", "{9CB25857-A52C-430A-AD39-BD09B8EB4375}"
EndProject
Project("{9A19103F-16F7-4668-BE54-9A1E7A4F7556}") = "240613 원형 연결 리스트", "GE_240613\240613 원형 연결 리스트.csproj", "{44494114-FB38-450A-83D2-9F84B200E5FA}"
EndProject
Project("{9A19103F-16F7-4668-BE54-9A1E7A4F7556}") = "240614 스택", "GE_240614\240614 스택.csproj", "{9CAC7058-4405-43FA-8A59-6CEEC244F943}"
EndProject
Project("{9A19103F-16F7-4668-BE54-9A1E7A4F7556}") = "240617 선형Q", "GE_240617\240617 선형Q.csproj", "{DD3B22DF-8245-4537-BDB2-98C77AAFF47A}"
EndProject
Project("{9A19103F-16F7-4668-BE54-9A1E7A4F7556}") = "240617 환형Q 미완", "GE_240617_2\240617 환형Q 미완.csproj", "{BB99E554-3254-4D78-96D0-4A7FE75E0ACB}"
EndProject
Project("{9A19103F-16F7-4668-BE54-9A1E7A4F7556}") = "240618 벡터", "GE_240618\240618 벡터.csproj", "{0E1CC266-2D8E-41B0-95D5-FB23E823B9BE}"
EndProject
Project("{9A19103F-16F7-4668-BE54-9A1E7A4F7556}") = "240619 스트링", "GE_240619\240619 스트링.csproj", "{6E50C230-6BEE-4D5E-9A09-FFE1B475179B}"
EndProject
Project("{9A19103F-16F7-4668-BE54-9A1E7A4F7556}") = "240620 파일 입력호출", "GE_240620\240620 파일 입력호출.csproj", "{869B3D3D-A69A-4E91-8FB9-F501DC74E4A0}"
EndProject
Project("{9A19103F-16F7-4668-BE54-9A1E7A4F7556}") = "240621 해시테이블", "GE_240621\240621 해시테이블.csproj", "{D7A31976-C092-436E-A6E9-AC581989AAC5}"
EndProject
Project("{9A19103F-16F7-4668-BE54-9A1E7A4F7556}") = "240624 이진트리", "240624 이진트리\240624 이진트리.csproj", "{87844772-19DB-4636-9F25-BDEA747387F2}"
EndProject
Project("{FAE04EC0-301F-11D3-BF4B-00C04F79EFBC}") = "GE_240625", "GE_240625\GE_240625.csproj", "{D55176EB-633D-44E0-B009-EBE210DB28FC}"
EndProject
Global
	GlobalSection(SolutionConfigurationPlatforms) = preSolution
		Debug|Any CPU = Debug|Any CPU
		Release|Any CPU = Release|Any CPU
	EndGlobalSection
	GlobalSection(ProjectConfigurationPlatforms) = postSolution
		{2DBD9666-ACE3-49CC-BDF0-525F98C527CB}.Debug|Any CPU.ActiveCfg = Debug|Any CPU
		{2DBD9666-ACE3-49CC-BDF0-525F98C527CB}.Debug|Any CPU.Build.0 = Debug|Any CPU
		{2DBD9666-ACE3-49CC-BDF0-525F98C527CB}.Release|Any CPU.ActiveCfg = Release|Any CPU
		{2DBD9666-ACE3-49CC-BDF0-525F98C527CB}.Release|Any CPU.Build.0 = Release|Any CPU
		{982DA556-5EB9-4104-A187-453D58E53399}.Debug|Any CPU.ActiveCfg = Debug|Any CPU
		{982DA556-5EB9-4104-A187-453D58E53399}.Debug|Any CPU.Build.0 = Debug|Any CPU
		{982DA556-5EB9-4104-A187-453D58E53399}.Release|Any CPU.ActiveCfg = Release|Any CPU
		{982DA556-5EB9-4104-A187-453D58E53399}.Release|Any CPU.Build.0 = Release|Any CPU
		{9CB25857-A52C-430A-AD39-BD09B8EB4375}.Debug|Any CPU.ActiveCfg = Debug|Any CPU
		{9CB25857-A52C-430A-AD39-BD09B8EB4375}.Debug|Any CPU.Build.0 = Debug|Any CPU
		{9CB25857-A52C-430A-AD39-BD09B8EB4375}.Release|Any CPU.ActiveCfg = Release|Any CPU
		{9CB25857-A52C-430A-AD39-BD09B8EB4375}.Release|Any CPU.Build.0 = Release|Any CPU
		{44494114-FB38-450A-83D2-9F84B200E5FA}.Debug|Any CPU.ActiveCfg = Debug|Any CPU
		{44494114-FB38-450A-83D2-9F84B200E5FA}.Debug|Any CPU.Build.0 = Debug|Any CPU
		{44494114-FB38-450A-83D2-9F84B200E5FA}.Release|Any CPU.ActiveCfg = Release|Any CPU
		{44494114-FB38-450A-83D2-9F84B200E5FA}.Release|Any CPU.Build.0 = Release|Any CPU
		{9CAC7058-4405-43FA-8A59-6CEEC244F943}.Debug|Any CPU.ActiveCfg = Debug|Any CPU
		{9CAC7058-4405-43FA-8A59-6CEEC244F943}.Debug|Any CPU.Build.0 = Debug|Any CPU
		{9CAC7058-4405-43FA-8A59-6CEEC244F943}.Release|Any CPU.ActiveCfg = Release|Any CPU
		{9CAC7058-4405-43FA-8A59-6CEEC244F943}.Release|Any CPU.Build.0 = Release|Any CPU
		{DD3B22DF-8245-4537-BDB2-98C77AAFF47A}.Debug|Any CPU.ActiveCfg = Debug|Any CPU
		{DD3B22DF-8245-4537-BDB2-98C77AAFF47A}.Debug|Any CPU.Build.0 = Debug|Any CPU
		{DD3B22DF-8245-4537-BDB2-98C77AAFF47A}.Release|Any CPU.ActiveCfg = Release|Any CPU
		{DD3B22DF-8245-4537-BDB2-98C77AAFF47A}.Release|Any CPU.Build.0 = Release|Any CPU
		{BB99E554-3254-4D78-96D0-4A7FE75E0ACB}.Debug|Any CPU.ActiveCfg = Debug|Any CPU
		{BB99E554-3254-4D78-96D0-4A7FE75E0ACB}.Debug|Any CPU.Build.0 = Debug|Any CPU
		{BB99E554-3254-4D78-96D0-4A7FE75E0ACB}.Release|Any CPU.ActiveCfg = Release|Any CPU
		{BB99E554-3254-4D78-96D0-4A7FE75E0ACB}.Release|Any CPU.Build.0 = Release|Any CPU
		{0E1CC266-2D8E-41B0-95D5-FB23E823B9BE}.Debug|Any CPU.ActiveCfg = Debug|Any CPU
		{0E1CC266-2D8E-41B0-95D5-FB23E823B9BE}.Debug|Any CPU.Build.0 = Debug|Any CPU
		{0E1CC266-2D8E-41B0-95D5-FB23E823B9BE}.Release|Any CPU.ActiveCfg = Release|Any CPU
		{0E1CC266-2D8E-41B0-95D5-FB23E823B9BE}.Release|Any CPU.Build.0 = Release|Any CPU
		{6E50C230-6BEE-4D5E-9A09-FFE1B475179B}.Debug|Any CPU.ActiveCfg = Debug|Any CPU
		{6E50C230-6BEE-4D5E-9A09-FFE1B475179B}.Debug|Any CPU.Build.0 = Debug|Any CPU
		{6E50C230-6BEE-4D5E-9A09-FFE1B475179B}.Release|Any CPU.ActiveCfg = Release|Any CPU
		{6E50C230-6BEE-4D5E-9A09-FFE1B475179B}.Release|Any CPU.Build.0 = Release|Any CPU
		{869B3D3D-A69A-4E91-8FB9-F501DC74E4A0}.Debug|Any CPU.ActiveCfg = Debug|Any CPU
		{869B3D3D-A69A-4E91-8FB9-F501DC74E4A0}.Debug|Any CPU.Build.0 = Debug|Any CPU
		{869B3D3D-A69A-4E91-8FB9-F501DC74E4A0}.Release|Any CPU.ActiveCfg = Release|Any CPU
		{869B3D3D-A69A-4E91-8FB9-F501DC74E4A0}.Release|Any CPU.Build.0 = Release|Any CPU
		{D7A31976-C092-436E-A6E9-AC581989AAC5}.Debug|Any CPU.ActiveCfg = Debug|Any CPU
		{D7A31976-C092-436E-A6E9-AC581989AAC5}.Debug|Any CPU.Build.0 = Debug|Any CPU
		{D7A31976-C092-436E-A6E9-AC581989AAC5}.Release|Any CPU.ActiveCfg = Release|Any CPU
		{D7A31976-C092-436E-A6E9-AC581989AAC5}.Release|Any CPU.Build.0 = Release|Any CPU
		{87844772-19DB-4636-9F25-BDEA747387F2}.Debug|Any CPU.ActiveCfg = Debug|Any CPU
		{87844772-19DB-4636-9F25-BDEA747387F2}.Debug|Any CPU.Build.0 = Debug|Any CPU
		{87844772-19DB-4636-9F25-BDEA747387F2}.Release|Any CPU.ActiveCfg = Release|Any CPU
		{87844772-19DB-4636-9F25-BDEA747387F2}.Release|Any CPU.Build.0 = Release|Any CPU
		{D55176EB-633D-44E0-B009-EBE210DB28FC}.Debug|Any CPU.ActiveCfg = Debug|Any CPU
		{D55176EB-633D-44E0-B009-EBE210DB28FC}.Debug|Any CPU.Build.0 = Debug|Any CPU
		{D55176EB-633D-44E0-B009-EBE210DB28FC}.Release|Any CPU.ActiveCfg = Release|Any CPU
		{D55176EB-633D-44E0-B009-EBE210DB28FC}.Release|Any CPU.Build.0 = Release|Any CPU
	EndGlobalSection
	GlobalSection(SolutionProperties) = preSolution
		HideSolutionNode = FALSE
	EndGlobalSection
	GlobalSection(ExtensibilityGlobals) = postSolution
		SolutionGuid = {BC99A2E1-AF47-4566-B9B8-4E51BF87AC9F}
	EndGlobalSection
EndGlobal
